// !$*UTF8*$!
{
	archiveVersion = 1;
	classes = {
	};
	objectVersion = 77;
	objects = {

/* Begin PBXContainerItemProxy section */
		06CFF7062EAA89B800065BD7 /* PBXContainerItemProxy */ = {
			isa = PBXContainerItemProxy;
			containerPortal = 06CFF6E72EAA89B700065BD7 /* Project object */;
			proxyType = 1;
			remoteGlobalIDString = 06CFF6EE2EAA89B700065BD7;
			remoteInfo = Random;
		};
		06CFF7102EAA89B800065BD7 /* PBXContainerItemProxy */ = {
			isa = PBXContainerItemProxy;
			containerPortal = 06CFF6E72EAA89B700065BD7 /* Project object */;
			proxyType = 1;
			remoteGlobalIDString = 06CFF6EE2EAA89B700065BD7;
			remoteInfo = Random;
		};
/* End PBXContainerItemProxy section */

/* Begin PBXFileReference section */
		06CFF6EF2EAA89B700065BD7 /* Randomizer App.app */ = {isa = PBXFileReference; explicitFileType = wrapper.application; includeInIndex = 0; path = "Randomizer App.app"; sourceTree = BUILT_PRODUCTS_DIR; };
		06CFF7052EAA89B800065BD7 /* Randomizer AppTests.xctest */ = {isa = PBXFileReference; explicitFileType = wrapper.cfbundle; includeInIndex = 0; path = "Randomizer AppTests.xctest"; sourceTree = BUILT_PRODUCTS_DIR; };
		06CFF70F2EAA89B800065BD7 /* Randomizer AppUITests.xctest */ = {isa = PBXFileReference; explicitFileType = wrapper.cfbundle; includeInIndex = 0; path = "Randomizer AppUITests.xctest"; sourceTree = BUILT_PRODUCTS_DIR; };
/* End PBXFileReference section */

/* Begin PBXFileSystemSynchronizedBuildFileExceptionSet section */
		06CFF7172EAA89B800065BD7 /* Exceptions for "Random" folder in "Randomizer App" target */ = {
			isa = PBXFileSystemSynchronizedBuildFileExceptionSet;
			membershipExceptions = (
				Info.plist,
			);
			target = 06CFF6EE2EAA89B700065BD7 /* Randomizer App */;
		};
/* End PBXFileSystemSynchronizedBuildFileExceptionSet section */

/* Begin PBXFileSystemSynchronizedRootGroup section */
		06CFF6F12EAA89B700065BD7 /* Random */ = {
			isa = PBXFileSystemSynchronizedRootGroup;
			exceptions = (
				06CFF7172EAA89B800065BD7 /* Exceptions for "Random" folder in "Randomizer App" target */,
			);
			path = Random;
			sourceTree = "<group>";
		};
		06CFF7082EAA89B800065BD7 /* RandomTests */ = {
			isa = PBXFileSystemSynchronizedRootGroup;
			path = RandomTests;
			sourceTree = "<group>";
		};
		06CFF7122EAA89B800065BD7 /* RandomUITests */ = {
			isa = PBXFileSystemSynchronizedRootGroup;
			path = RandomUITests;
			sourceTree = "<group>";
		};
/* End PBXFileSystemSynchronizedRootGroup section */

/* Begin PBXFrameworksBuildPhase section */
		06CFF6EC2EAA89B700065BD7 /* Frameworks */ = {
			isa = PBXFrameworksBuildPhase;
			buildActionMask = 2147483647;
			files = (
			);
			runOnlyForDeploymentPostprocessing = 0;
		};
		06CFF7022EAA89B800065BD7 /* Frameworks */ = {
			isa = PBXFrameworksBuildPhase;
			buildActionMask = 2147483647;
			files = (
			);
			runOnlyForDeploymentPostprocessing = 0;
		};
		06CFF70C2EAA89B800065BD7 /* Frameworks */ = {
			isa = PBXFrameworksBuildPhase;
			buildActionMask = 2147483647;
			files = (
			);
			runOnlyForDeploymentPostprocessing = 0;
		};
/* End PBXFrameworksBuildPhase section */

/* Begin PBXGroup section */
		06CFF6E62EAA89B700065BD7 = {
			isa = PBXGroup;
			children = (
				06CFF6F12EAA89B700065BD7 /* Random */,
				06CFF7082EAA89B800065BD7 /* RandomTests */,
				06CFF7122EAA89B800065BD7 /* RandomUITests */,
				06CFF6F02EAA89B700065BD7 /* Products */,
			);
			sourceTree = "<group>";
		};
		06CFF6F02EAA89B700065BD7 /* Products */ = {
			isa = PBXGroup;
			children = (
				06CFF6EF2EAA89B700065BD7 /* Randomizer App.app */,
				06CFF7052EAA89B800065BD7 /* Randomizer AppTests.xctest */,
				06CFF70F2EAA89B800065BD7 /* Randomizer AppUITests.xctest */,
			);
			name = Products;
			sourceTree = "<group>";
		};
/* End PBXGroup section */

/* Begin PBXNativeTarget section */
		06CFF6EE2EAA89B700065BD7 /* Randomizer App */ = {
			isa = PBXNativeTarget;
			buildConfigurationList = 06CFF7182EAA89B800065BD7 /* Build configuration list for PBXNativeTarget "Randomizer App" */;
			buildPhases = (
				06CFF6EB2EAA89B700065BD7 /* Sources */,
				06CFF6EC2EAA89B700065BD7 /* Frameworks */,
				06CFF6ED2EAA89B700065BD7 /* Resources */,
			);
			buildRules = (
			);
			dependencies = (
			);
			fileSystemSynchronizedGroups = (
				06CFF6F12EAA89B700065BD7 /* Random */,
			);
			name = "Randomizer App";
			packageProductDependencies = (
			);
			productName = Random;
			productReference = 06CFF6EF2EAA89B700065BD7 /* Randomizer App.app */;
			productType = "com.apple.product-type.application";
		};
		06CFF7042EAA89B800065BD7 /* Randomizer AppTests */ = {
			isa = PBXNativeTarget;
			buildConfigurationList = 06CFF71D2EAA89B800065BD7 /* Build configuration list for PBXNativeTarget "Randomizer AppTests" */;
			buildPhases = (
				06CFF7012EAA89B800065BD7 /* Sources */,
				06CFF7022EAA89B800065BD7 /* Frameworks */,
				06CFF7032EAA89B800065BD7 /* Resources */,
			);
			buildRules = (
			);
			dependencies = (
				06CFF7072EAA89B800065BD7 /* PBXTargetDependency */,
			);
			fileSystemSynchronizedGroups = (
				06CFF7082EAA89B800065BD7 /* RandomTests */,
			);
			name = "Randomizer AppTests";
			packageProductDependencies = (
			);
			productName = RandomTests;
			productReference = 06CFF7052EAA89B800065BD7 /* Randomizer AppTests.xctest */;
			productType = "com.apple.product-type.bundle.unit-test";
		};
		06CFF70E2EAA89B800065BD7 /* Randomizer AppUITests */ = {
			isa = PBXNativeTarget;
			buildConfigurationList = 06CFF7202EAA89B800065BD7 /* Build configuration list for PBXNativeTarget "Randomizer AppUITests" */;
			buildPhases = (
				06CFF70B2EAA89B800065BD7 /* Sources */,
				06CFF70C2EAA89B800065BD7 /* Frameworks */,
				06CFF70D2EAA89B800065BD7 /* Resources */,
			);
			buildRules = (
			);
			dependencies = (
				06CFF7112EAA89B800065BD7 /* PBXTargetDependency */,
			);
			fileSystemSynchronizedGroups = (
				06CFF7122EAA89B800065BD7 /* RandomUITests */,
			);
			name = "Randomizer AppUITests";
			packageProductDependencies = (
			);
			productName = RandomUITests;
			productReference = 06CFF70F2EAA89B800065BD7 /* Randomizer AppUITests.xctest */;
			productType = "com.apple.product-type.bundle.ui-testing";
		};
/* End PBXNativeTarget section */

/* Begin PBXProject section */
		06CFF6E72EAA89B700065BD7 /* Project object */ = {
			isa = PBXProject;
			attributes = {
				BuildIndependentTargetsInParallel = 1;
				LastSwiftUpdateCheck = 1610;
				LastUpgradeCheck = 1610;
				TargetAttributes = {
					06CFF6EE2EAA89B700065BD7 = {
						CreatedOnToolsVersion = 16.1;
					};
					06CFF7042EAA89B800065BD7 = {
						CreatedOnToolsVersion = 16.1;
						TestTargetID = 06CFF6EE2EAA89B700065BD7;
					};
					06CFF70E2EAA89B800065BD7 = {
						CreatedOnToolsVersion = 16.1;
						TestTargetID = 06CFF6EE2EAA89B700065BD7;
					};
				};
			};
			buildConfigurationList = 06CFF6EA2EAA89B700065BD7 /* Build configuration list for PBXProject "Randomizer App" */;
			developmentRegion = en;
			hasScannedForEncodings = 0;
			knownRegions = (
				en,
				Base,
			);
			mainGroup = 06CFF6E62EAA89B700065BD7;
			minimizedProjectReferenceProxies = 1;
			preferredProjectObjectVersion = 77;
			productRefGroup = 06CFF6F02EAA89B700065BD7 /* Products */;
			projectDirPath = "";
			projectRoot = "";
			targets = (
				06CFF6EE2EAA89B700065BD7 /* Randomizer App */,
				06CFF7042EAA89B800065BD7 /* Randomizer AppTests */,
				06CFF70E2EAA89B800065BD7 /* Randomizer AppUITests */,
			);
		};
/* End PBXProject section */

/* Begin PBXResourcesBuildPhase section */
		06CFF6ED2EAA89B700065BD7 /* Resources */ = {
			isa = PBXResourcesBuildPhase;
			buildActionMask = 2147483647;
			files = (
			);
			runOnlyForDeploymentPostprocessing = 0;
		};
		06CFF7032EAA89B800065BD7 /* Resources */ = {
			isa = PBXResourcesBuildPhase;
			buildActionMask = 2147483647;
			files = (
			);
			runOnlyForDeploymentPostprocessing = 0;
		};
		06CFF70D2EAA89B800065BD7 /* Resources */ = {
			isa = PBXResourcesBuildPhase;
			buildActionMask = 2147483647;
			files = (
			);
			runOnlyForDeploymentPostprocessing = 0;
		};
/* End PBXResourcesBuildPhase section */

/* Begin PBXSourcesBuildPhase section */
		06CFF6EB2EAA89B700065BD7 /* Sources */ = {
			isa = PBXSourcesBuildPhase;
			buildActionMask = 2147483647;
			files = (
			);
			runOnlyForDeploymentPostprocessing = 0;
		};
		06CFF7012EAA89B800065BD7 /* Sources */ = {
			isa = PBXSourcesBuildPhase;
			buildActionMask = 2147483647;
			files = (
			);
			runOnlyForDeploymentPostprocessing = 0;
		};
		06CFF70B2EAA89B800065BD7 /* Sources */ = {
			isa = PBXSourcesBuildPhase;
			buildActionMask = 2147483647;
			files = (
			);
			runOnlyForDeploymentPostprocessing = 0;
		};
/* End PBXSourcesBuildPhase section */

/* Begin PBXTargetDependency section */
		06CFF7072EAA89B800065BD7 /* PBXTargetDependency */ = {
			isa = PBXTargetDependency;
			target = 06CFF6EE2EAA89B700065BD7 /* Randomizer App */;
			targetProxy = 06CFF7062EAA89B800065BD7 /* PBXContainerItemProxy */;
		};
		06CFF7112EAA89B800065BD7 /* PBXTargetDependency */ = {
			isa = PBXTargetDependency;
			target = 06CFF6EE2EAA89B700065BD7 /* Randomizer App */;
			targetProxy = 06CFF7102EAA89B800065BD7 /* PBXContainerItemProxy */;
		};
/* End PBXTargetDependency section */

/* Begin XCBuildConfiguration section */
		06CFF7192EAA89B800065BD7 /* Debug */ = {
			isa = XCBuildConfiguration;
			buildSettings = {
				ASSETCATALOG_COMPILER_APPICON_NAME = AppIcon;
				ASSETCATALOG_COMPILER_GLOBAL_ACCENT_COLOR_NAME = AccentColor;
				CODE_SIGN_STYLE = Automatic;
				CURRENT_PROJECT_VERSION = 1;
				DEVELOPMENT_TEAM = "";
				GENERATE_INFOPLIST_FILE = YES;
				INFOPLIST_FILE = Random/Info.plist;
				INFOPLIST_KEY_UIApplicationSupportsIndirectInputEvents = YES;
				INFOPLIST_KEY_UILaunchStoryboardName = LaunchScreen;
				INFOPLIST_KEY_UIMainStoryboardFile = Main;
				INFOPLIST_KEY_UISupportedInterfaceOrientations_iPad = "UIInterfaceOrientationPortrait UIInterfaceOrientationPortraitUpsideDown UIInterfaceOrientationLandscapeLeft UIInterfaceOrientationLandscapeRight";
				INFOPLIST_KEY_UISupportedInterfaceOrientations_iPhone = "UIInterfaceOrientationPortrait UIInterfaceOrientationLandscapeLeft UIInterfaceOrientationLandscapeRight";
				LD_RUNPATH_SEARCH_PATHS = (
					"$(inherited)",
					"@executable_path/Frameworks",
				);
				MARKETING_VERSION = 1.0;
				PRODUCT_BUNDLE_IDENTIFIER = com.ruslan.Random;
				PRODUCT_NAME = "$(TARGET_NAME)";
				SWIFT_EMIT_LOC_STRINGS = YES;
				SWIFT_VERSION = 5.0;
				TARGETED_DEVICE_FAMILY = "1,2";
			};
			name = Debug;
		};
		06CFF71A2EAA89B800065BD7 /* Release */ = {
			isa = XCBuildConfiguration;
			buildSettings = {
				ASSETCATALOG_COMPILER_APPICON_NAME = AppIcon;
				ASSETCATALOG_COMPILER_GLOBAL_ACCENT_COLOR_NAME = AccentColor;
				CODE_SIGN_STYLE = Automatic;
				CURRENT_PROJECT_VERSION = 1;
				DEVELOPMENT_TEAM = "";
				GENERATE_INFOPLIST_FILE = YES;
				INFOPLIST_FILE = Random/Info.plist;
				INFOPLIST_KEY_UIApplicationSupportsIndirectInputEvents = YES;
				INFOPLIST_KEY_UILaunchStoryboardName = LaunchScreen;
				INFOPLIST_KEY_UIMainStoryboardFile = Main;
				INFOPLIST_KEY_UISupportedInterfaceOrientations_iPad = "UIInterfaceOrientationPortrait UIInterfaceOrientationPortraitUpsideDown UIInterfaceOrientationLandscapeLeft UIInterfaceOrientationLandscapeRight";
				INFOPLIST_KEY_UISupportedInterfaceOrientations_iPhone = "UIInterfaceOrientationPortrait UIInterfaceOrientationLandscapeLeft UIInterfaceOrientationLandscapeRight";
				LD_RUNPATH_SEARCH_PATHS = (
					"$(inherited)",
					"@executable_path/Frameworks",
				);
				MARKETING_VERSION = 1.0;
				PRODUCT_BUNDLE_IDENTIFIER = com.ruslan.Random;
				PRODUCT_NAME = "$(TARGET_NAME)";
				SWIFT_EMIT_LOC_STRINGS = YES;
				SWIFT_VERSION = 5.0;
				TARGETED_DEVICE_FAMILY = "1,2";
			};
			name = Release;
		};
		06CFF71B2EAA89B800065BD7 /* Debug */ = {
			isa = XCBuildConfiguration;
			buildSettings = {
				ALWAYS_SEARCH_USER_PATHS = NO;
				ASSETCATALOG_COMPILER_GENERATE_SWIFT_ASSET_SYMBOL_EXTENSIONS = YES;
				CLANG_ANALYZER_NONNULL = YES;
				CLANG_ANALYZER_NUMBER_OBJECT_CONVERSION = YES_AGGRESSIVE;
				CLANG_CXX_LANGUAGE_STANDARD = "gnu++20";
				CLANG_ENABLE_MODULES = YES;
				CLANG_ENABLE_OBJC_ARC = YES;
				CLANG_ENABLE_OBJC_WEAK = YES;
				CLANG_WARN_BLOCK_CAPTURE_AUTORELEASING = YES;
				CLANG_WARN_BOOL_CONVERSION = YES;
				CLANG_WARN_COMMA = YES;
				CLANG_WARN_CONSTANT_CONVERSION = YES;
				CLANG_WARN_DEPRECATED_OBJC_IMPLEMENTATIONS = YES;
				CLANG_WARN_DIRECT_OBJC_ISA_USAGE = YES_ERROR;
				CLANG_WARN_DOCUMENTATION_COMMENTS = YES;
				CLANG_WARN_EMPTY_BODY = YES;
				CLANG_WARN_ENUM_CONVERSION = YES;
				CLANG_WARN_INFINITE_RECURSION = YES;
				CLANG_WARN_INT_CONVERSION = YES;
				CLANG_WARN_NON_LITERAL_NULL_CONVERSION = YES;
				CLANG_WARN_OBJC_IMPLICIT_RETAIN_SELF = YES;
				CLANG_WARN_OBJC_LITERAL_CONVERSION = YES;
				CLANG_WARN_OBJC_ROOT_CLASS = YES_ERROR;
				CLANG_WARN_QUOTED_INCLUDE_IN_FRAMEWORK_HEADER = YES;
				CLANG_WARN_RANGE_LOOP_ANALYSIS = YES;
				CLANG_WARN_STRICT_PROTOTYPES = YES;
				CLANG_WARN_SUSPICIOUS_MOVE = YES;
				CLANG_WARN_UNGUARDED_AVAILABILITY = YES_AGGRESSIVE;
				CLANG_WARN_UNREACHABLE_CODE = YES;
				CLANG_WARN__DUPLICATE_METHOD_MATCH = YES;
				COPY_PHASE_STRIP = NO;
				DEBUG_INFORMATION_FORMAT = dwarf;
				ENABLE_STRICT_OBJC_MSGSEND = YES;
				ENABLE_TESTABILITY = YES;
				ENABLE_USER_SCRIPT_SANDBOXING = YES;
				GCC_C_LANGUAGE_STANDARD = gnu17;
				GCC_DYNAMIC_NO_PIC = NO;
				GCC_NO_COMMON_BLOCKS = YES;
				GCC_OPTIMIZATION_LEVEL = 0;
				GCC_PREPROCESSOR_DEFINITIONS = (
					"DEBUG=1",
					"$(inherited)",
				);
				GCC_WARN_64_TO_32_BIT_CONVERSION = YES;
				GCC_WARN_ABOUT_RETURN_TYPE = YES_ERROR;
				GCC_WARN_UNDECLARED_SELECTOR = YES;
				GCC_WARN_UNINITIALIZED_AUTOS = YES_AGGRESSIVE;
				GCC_WARN_UNUSED_FUNCTION = YES;
				GCC_WARN_UNUSED_VARIABLE = YES;
				IPHONEOS_DEPLOYMENT_TARGET = 18.1;
				LOCALIZATION_PREFERS_STRING_CATALOGS = YES;
				MTL_ENABLE_DEBUG_INFO = INCLUDE_SOURCE;
				MTL_FAST_MATH = YES;
				ONLY_ACTIVE_ARCH = YES;
				SDKROOT = iphoneos;
				SWIFT_ACTIVE_COMPILATION_CONDITIONS = "DEBUG $(inherited)";
				SWIFT_OPTIMIZATION_LEVEL = "-Onone";
			};
			name = Debug;
		};
		06CFF71C2EAA89B800065BD7 /* Release */ = {
			isa = XCBuildConfiguration;
			buildSettings = {
				ALWAYS_SEARCH_USER_PATHS = NO;
				ASSETCATALOG_COMPILER_GENERATE_SWIFT_ASSET_SYMBOL_EXTENSIONS = YES;
				CLANG_ANALYZER_NONNULL = YES;
				CLANG_ANALYZER_NUMBER_OBJECT_CONVERSION = YES_AGGRESSIVE;
				CLANG_CXX_LANGUAGE_STANDARD = "gnu++20";
				CLANG_ENABLE_MODULES = YES;
				CLANG_ENABLE_OBJC_ARC = YES;
				CLANG_ENABLE_OBJC_WEAK = YES;
				CLANG_WARN_BLOCK_CAPTURE_AUTORELEASING = YES;
				CLANG_WARN_BOOL_CONVERSION = YES;
				CLANG_WARN_COMMA = YES;
				CLANG_WARN_CONSTANT_CONVERSION = YES;
				CLANG_WARN_DEPRECATED_OBJC_IMPLEMENTATIONS = YES;
				CLANG_WARN_DIRECT_OBJC_ISA_USAGE = YES_ERROR;
				CLANG_WARN_DOCUMENTATION_COMMENTS = YES;
				CLANG_WARN_EMPTY_BODY = YES;
				CLANG_WARN_ENUM_CONVERSION = YES;
				CLANG_WARN_INFINITE_RECURSION = YES;
				CLANG_WARN_INT_CONVERSION = YES;
				CLANG_WARN_NON_LITERAL_NULL_CONVERSION = YES;
				CLANG_WARN_OBJC_IMPLICIT_RETAIN_SELF = YES;
				CLANG_WARN_OBJC_LITERAL_CONVERSION = YES;
				CLANG_WARN_OBJC_ROOT_CLASS = YES_ERROR;
				CLANG_WARN_QUOTED_INCLUDE_IN_FRAMEWORK_HEADER = YES;
				CLANG_WARN_RANGE_LOOP_ANALYSIS = YES;
				CLANG_WARN_STRICT_PROTOTYPES = YES;
				CLANG_WARN_SUSPICIOUS_MOVE = YES;
				CLANG_WARN_UNGUARDED_AVAILABILITY = YES_AGGRESSIVE;
				CLANG_WARN_UNREACHABLE_CODE = YES;
				CLANG_WARN__DUPLICATE_METHOD_MATCH = YES;
				COPY_PHASE_STRIP = NO;
				DEBUG_INFORMATION_FORMAT = "dwarf-with-dsym";
				ENABLE_NS_ASSERTIONS = NO;
				ENABLE_STRICT_OBJC_MSGSEND = YES;
				ENABLE_USER_SCRIPT_SANDBOXING = YES;
				GCC_C_LANGUAGE_STANDARD = gnu17;
				GCC_NO_COMMON_BLOCKS = YES;
				GCC_WARN_64_TO_32_BIT_CONVERSION = YES;
				GCC_WARN_ABOUT_RETURN_TYPE = YES_ERROR;
				GCC_WARN_UNDECLARED_SELECTOR = YES;
				GCC_WARN_UNINITIALIZED_AUTOS = YES_AGGRESSIVE;
				GCC_WARN_UNUSED_FUNCTION = YES;
				GCC_WARN_UNUSED_VARIABLE = YES;
				IPHONEOS_DEPLOYMENT_TARGET = 18.1;
				LOCALIZATION_PREFERS_STRING_CATALOGS = YES;
				MTL_ENABLE_DEBUG_INFO = NO;
				MTL_FAST_MATH = YES;
				SDKROOT = iphoneos;
				SWIFT_COMPILATION_MODE = wholemodule;
				VALIDATE_PRODUCT = YES;
			};
			name = Release;
		};
		06CFF71E2EAA89B800065BD7 /* Debug */ = {
			isa = XCBuildConfiguration;
			buildSettings = {
				BUNDLE_LOADER = "$(TEST_HOST)";
				CODE_SIGN_STYLE = Automatic;
				CURRENT_PROJECT_VERSION = 1;
				GENERATE_INFOPLIST_FILE = YES;
				IPHONEOS_DEPLOYMENT_TARGET = 18.1;
				MARKETING_VERSION = 1.0;
				PRODUCT_BUNDLE_IDENTIFIER = com.ruslan.RandomTests;
				PRODUCT_NAME = "$(TARGET_NAME)";
				SWIFT_EMIT_LOC_STRINGS = NO;
				SWIFT_VERSION = 5.0;
				TARGETED_DEVICE_FAMILY = "1,2";
				TEST_HOST = "$(BUILT_PRODUCTS_DIR)/Randomizer App.app/$(BUNDLE_EXECUTABLE_FOLDER_PATH)/Randomizer App";
			};
			name = Debug;
		};
		06CFF71F2EAA89B800065BD7 /* Release */ = {
			isa = XCBuildConfiguration;
			buildSettings = {
				BUNDLE_LOADER = "$(TEST_HOST)";
				CODE_SIGN_STYLE = Automatic;
				CURRENT_PROJECT_VERSION = 1;
				GENERATE_INFOPLIST_FILE = YES;
				IPHONEOS_DEPLOYMENT_TARGET = 18.1;
				MARKETING_VERSION = 1.0;
				PRODUCT_BUNDLE_IDENTIFIER = com.ruslan.RandomTests;
				PRODUCT_NAME = "$(TARGET_NAME)";
				SWIFT_EMIT_LOC_STRINGS = NO;
				SWIFT_VERSION = 5.0;
				TARGETED_DEVICE_FAMILY = "1,2";
				TEST_HOST = "$(BUILT_PRODUCTS_DIR)/Randomizer App.app/$(BUNDLE_EXECUTABLE_FOLDER_PATH)/Randomizer App";
			};
			name = Release;
		};
		06CFF7212EAA89B800065BD7 /* Debug */ = {
			isa = XCBuildConfiguration;
			buildSettings = {
				CODE_SIGN_STYLE = Automatic;
				CURRENT_PROJECT_VERSION = 1;
				GENERATE_INFOPLIST_FILE = YES;
				MARKETING_VERSION = 1.0;
				PRODUCT_BUNDLE_IDENTIFIER = com.ruslan.RandomUITests;
				PRODUCT_NAME = "$(TARGET_NAME)";
				SWIFT_EMIT_LOC_STRINGS = NO;
				SWIFT_VERSION = 5.0;
				TARGETED_DEVICE_FAMILY = "1,2";
				TEST_TARGET_NAME = Random;
			};
			name = Debug;
		};
		06CFF7222EAA89B800065BD7 /* Release */ = {
			isa = XCBuildConfiguration;
			buildSettings = {
				CODE_SIGN_STYLE = Automatic;
				CURRENT_PROJECT_VERSION = 1;
				GENERATE_INFOPLIST_FILE = YES;
				MARKETING_VERSION = 1.0;
				PRODUCT_BUNDLE_IDENTIFIER = com.ruslan.RandomUITests;
				PRODUCT_NAME = "$(TARGET_NAME)";
				SWIFT_EMIT_LOC_STRINGS = NO;
				SWIFT_VERSION = 5.0;
				TARGETED_DEVICE_FAMILY = "1,2";
				TEST_TARGET_NAME = Random;
			};
			name = Release;
		};
/* End XCBuildConfiguration section */

/* Begin XCConfigurationList section */
		06CFF6EA2EAA89B700065BD7 /* Build configuration list for PBXProject "Randomizer App" */ = {
			isa = XCConfigurationList;
			buildConfigurations = (
				06CFF71B2EAA89B800065BD7 /* Debug */,
				06CFF71C2EAA89B800065BD7 /* Release */,
			);
			defaultConfigurationIsVisible = 0;
			defaultConfigurationName = Release;
		};
		06CFF7182EAA89B800065BD7 /* Build configuration list for PBXNativeTarget "Randomizer App" */ = {
			isa = XCConfigurationList;
			buildConfigurations = (
				06CFF7192EAA89B800065BD7 /* Debug */,
				06CFF71A2EAA89B800065BD7 /* Release */,
			);
			defaultConfigurationIsVisible = 0;
			defaultConfigurationName = Release;
		};
		06CFF71D2EAA89B800065BD7 /* Build configuration list for PBXNativeTarget "Randomizer AppTests" */ = {
			isa = XCConfigurationList;
			buildConfigurations = (
				06CFF71E2EAA89B800065BD7 /* Debug */,
				06CFF71F2EAA89B800065BD7 /* Release */,
			);
			defaultConfigurationIsVisible = 0;
			defaultConfigurationName = Release;
		};
		06CFF7202EAA89B800065BD7 /* Build configuration list for PBXNativeTarget "Randomizer AppUITests" */ = {
			isa = XCConfigurationList;
			buildConfigurations = (
				06CFF7212EAA89B800065BD7 /* Debug */,
				06CFF7222EAA89B800065BD7 /* Release */,
			);
			defaultConfigurationIsVisible = 0;
			defaultConfigurationName = Release;
		};
/* End XCConfigurationList section */
	};
	rootObject = 06CFF6E72EAA89B700065BD7 /* Project object */;
}
